
Microsoft Visual Studio Solution File, Format Version 12.00
# Visual Studio Version 16
VisualStudioVersion = 16.0.31911.196
MinimumVisualStudioVersion = 10.0.40219.1
Project("{9A19103F-16F7-4668-BE54-9A1E7A4F7556}") = "TestApp", "TestApp\TestApp.csproj", "{FA5E06FD-CEC2-4FC8-86C9-4E6C8A72FBDF}"
EndProject
Project("{FAE04EC0-301F-11D3-BF4B-00C04F79EFBC}") = "TestApp.UnitTests", "TestApp.UnitTests\TestApp.UnitTests.csproj", "{D83D9E0A-C018-4941-90FC-10AC03B293AF}"
EndProject
Project("{2150E333-8FDC-42A3-9474-1A3956D46DE8}") = "HTML", "HTML", "{C323CA91-7918-45BC-B496-A2136721A494}"
	ProjectSection(SolutionItems) = preProject
		Index.html = Index.html
		MyStyle.css = MyStyle.css
		Selenium.html = Selenium.html
	EndProjectSection
EndProject
Project("{FAE04EC0-301F-11D3-BF4B-00C04F79EFBC}") = "Eaapp.Tests", "Eaapp.Tests\Eaapp.Tests.csproj", "{5D5A542D-5D97-4426-ACE7-A0AB72A9C031}"
EndProject
Project("{FAE04EC0-301F-11D3-BF4B-00C04F79EFBC}") = "SauceDemo.Tests", "SauceDemo.Tests\SauceDemo.Tests.csproj", "{3E02491B-BE46-4E56-84D2-6918A4DD25BE}"
EndProject
Global
	GlobalSection(SolutionConfigurationPlatforms) = preSolution
		Debug|Any CPU = Debug|Any CPU
		Release|Any CPU = Release|Any CPU
	EndGlobalSection
	GlobalSection(ProjectConfigurationPlatforms) = postSolution
		{FA5E06FD-CEC2-4FC8-86C9-4E6C8A72FBDF}.Debug|Any CPU.ActiveCfg = Debug|Any CPU
		{FA5E06FD-CEC2-4FC8-86C9-4E6C8A72FBDF}.Debug|Any CPU.Build.0 = Debug|Any CPU
		{FA5E06FD-CEC2-4FC8-86C9-4E6C8A72FBDF}.Release|Any CPU.ActiveCfg = Release|Any CPU
		{FA5E06FD-CEC2-4FC8-86C9-4E6C8A72FBDF}.Release|Any CPU.Build.0 = Release|Any CPU
		{D83D9E0A-C018-4941-90FC-10AC03B293AF}.Debug|Any CPU.ActiveCfg = Debug|Any CPU
		{D83D9E0A-C018-4941-90FC-10AC03B293AF}.Debug|Any CPU.Build.0 = Debug|Any CPU
		{D83D9E0A-C018-4941-90FC-10AC03B293AF}.Release|Any CPU.ActiveCfg = Release|Any CPU
		{D83D9E0A-C018-4941-90FC-10AC03B293AF}.Release|Any CPU.Build.0 = Release|Any CPU
		{5D5A542D-5D97-4426-ACE7-A0AB72A9C031}.Debug|Any CPU.ActiveCfg = Debug|Any CPU
		{5D5A542D-5D97-4426-ACE7-A0AB72A9C031}.Debug|Any CPU.Build.0 = Debug|Any CPU
		{5D5A542D-5D97-4426-ACE7-A0AB72A9C031}.Release|Any CPU.ActiveCfg = Release|Any CPU
		{5D5A542D-5D97-4426-ACE7-A0AB72A9C031}.Release|Any CPU.Build.0 = Release|Any CPU
		{3E02491B-BE46-4E56-84D2-6918A4DD25BE}.Debug|Any CPU.ActiveCfg = Debug|Any CPU
		{3E02491B-BE46-4E56-84D2-6918A4DD25BE}.Debug|Any CPU.Build.0 = Debug|Any CPU
		{3E02491B-BE46-4E56-84D2-6918A4DD25BE}.Release|Any CPU.ActiveCfg = Release|Any CPU
		{3E02491B-BE46-4E56-84D2-6918A4DD25BE}.Release|Any CPU.Build.0 = Release|Any CPU
	EndGlobalSection
	GlobalSection(SolutionProperties) = preSolution
		HideSolutionNode = FALSE
	EndGlobalSection
	GlobalSection(ExtensibilityGlobals) = postSolution
		SolutionGuid = {BDAAD559-3A7A-4A64-A9B6-B7B4FB14587A}
	EndGlobalSection
EndGlobal
